// !$*UTF8*$!
{
	archiveVersion = 1;
	classes = {
	};
	objectVersion = 56;
	objects = {

/* Begin PBXBuildFile section */
		3888232B28F42C4B005C7B25 /* FilmCatalogueApp.swift in Sources */ = {isa = PBXBuildFile; fileRef = 3888232A28F42C4B005C7B25 /* FilmCatalogueApp.swift */; };
		3888232F28F42C53005C7B25 /* Assets.xcassets in Resources */ = {isa = PBXBuildFile; fileRef = 3888232E28F42C53005C7B25 /* Assets.xcassets */; };
		3888233228F42C53005C7B25 /* Preview Assets.xcassets in Resources */ = {isa = PBXBuildFile; fileRef = 3888233128F42C53005C7B25 /* Preview Assets.xcassets */; };
		3888233C28F42C54005C7B25 /* FilmCatalogueTests.swift in Sources */ = {isa = PBXBuildFile; fileRef = 3888233B28F42C54005C7B25 /* FilmCatalogueTests.swift */; };
		3888235628F42CD9005C7B25 /* SwiftyJSON in Frameworks */ = {isa = PBXBuildFile; productRef = 3888235528F42CD9005C7B25 /* SwiftyJSON */; };
		3888235928F42D00005C7B25 /* Alamofire in Frameworks */ = {isa = PBXBuildFile; productRef = 3888235828F42D00005C7B25 /* Alamofire */; };
		3888235C28F42D19005C7B25 /* YouTubePlayerKit in Frameworks */ = {isa = PBXBuildFile; productRef = 3888235B28F42D19005C7B25 /* YouTubePlayerKit */; };
		3888236928F42E06005C7B25 /* MovieService.swift in Sources */ = {isa = PBXBuildFile; fileRef = 3888236828F42E06005C7B25 /* MovieService.swift */; };
		3888236B28F42E50005C7B25 /* Date+Extension.swift in Sources */ = {isa = PBXBuildFile; fileRef = 3888236A28F42E50005C7B25 /* Date+Extension.swift */; };
		3888236D28F42E65005C7B25 /* String+Extension.swift in Sources */ = {isa = PBXBuildFile; fileRef = 3888236C28F42E65005C7B25 /* String+Extension.swift */; };
		3888236F28F42E79005C7B25 /* Color+Extension.swift in Sources */ = {isa = PBXBuildFile; fileRef = 3888236E28F42E79005C7B25 /* Color+Extension.swift */; };
		3888237128F42E9E005C7B25 /* Double+Extension.swift in Sources */ = {isa = PBXBuildFile; fileRef = 3888237028F42E9E005C7B25 /* Double+Extension.swift */; };
		3888237728F42F46005C7B25 /* ReviewList.swift in Sources */ = {isa = PBXBuildFile; fileRef = 3888237628F42F46005C7B25 /* ReviewList.swift */; };
		3888237928F42F56005C7B25 /* StaticAppHeader.swift in Sources */ = {isa = PBXBuildFile; fileRef = 3888237828F42F56005C7B25 /* StaticAppHeader.swift */; };
		3888237D28F4305A005C7B25 /* Movies.swift in Sources */ = {isa = PBXBuildFile; fileRef = 3888237C28F4305A005C7B25 /* Movies.swift */; };
		3888237F28F43067005C7B25 /* Genres.swift in Sources */ = {isa = PBXBuildFile; fileRef = 3888237E28F43067005C7B25 /* Genres.swift */; };
		3888238128F43072005C7B25 /* Trailers.swift in Sources */ = {isa = PBXBuildFile; fileRef = 3888238028F43072005C7B25 /* Trailers.swift */; };
		3888238328F4307B005C7B25 /* Reviews.swift in Sources */ = {isa = PBXBuildFile; fileRef = 3888238228F4307B005C7B25 /* Reviews.swift */; };
		3888238728F43116005C7B25 /* MovieInfoViewModel.swift in Sources */ = {isa = PBXBuildFile; fileRef = 3888238628F43116005C7B25 /* MovieInfoViewModel.swift */; };
		3888238928F43154005C7B25 /* MainScreen.swift in Sources */ = {isa = PBXBuildFile; fileRef = 3888238828F43154005C7B25 /* MainScreen.swift */; };
		3888238B28F43161005C7B25 /* MovieInfoScreen.swift in Sources */ = {isa = PBXBuildFile; fileRef = 3888238A28F43161005C7B25 /* MovieInfoScreen.swift */; };
		389FDF7D28F4616300BA0AFB /* CustomTabBar.swift in Sources */ = {isa = PBXBuildFile; fileRef = 389FDF7C28F4616300BA0AFB /* CustomTabBar.swift */; };
		38ADC45628F50D77001F4F71 /* DiscoverScreen.swift in Sources */ = {isa = PBXBuildFile; fileRef = 38ADC45528F50D77001F4F71 /* DiscoverScreen.swift */; };
		38ADC45828F50D88001F4F71 /* MovieScreen.swift in Sources */ = {isa = PBXBuildFile; fileRef = 38ADC45728F50D88001F4F71 /* MovieScreen.swift */; };
		38ADC45C28F50DC3001F4F71 /* DiscoverViewModel.swift in Sources */ = {isa = PBXBuildFile; fileRef = 38ADC45B28F50DC3001F4F71 /* DiscoverViewModel.swift */; };
		38ADC45E28F50DD9001F4F71 /* MovieViewModel.swift in Sources */ = {isa = PBXBuildFile; fileRef = 38ADC45D28F50DD9001F4F71 /* MovieViewModel.swift */; };
		38ADC46228F51910001F4F71 /* Grid.swift in Sources */ = {isa = PBXBuildFile; fileRef = 38ADC46128F51910001F4F71 /* Grid.swift */; };
		939272F32ADE6F2F00AFE7BC /* ContentLoader.swift in Sources */ = {isa = PBXBuildFile; fileRef = 939272F22ADE6F2F00AFE7BC /* ContentLoader.swift */; };
		939272F92ADEC3FE00AFE7BC /* DiscoverViewModelTests.swift in Sources */ = {isa = PBXBuildFile; fileRef = 939272F82ADEC3FE00AFE7BC /* DiscoverViewModelTests.swift */; };
		939272FB2ADEC41900AFE7BC /* MovieViewModelTests.swift in Sources */ = {isa = PBXBuildFile; fileRef = 939272FA2ADEC41900AFE7BC /* MovieViewModelTests.swift */; };
		93FB2CEC2AE0233E007D472A /* MovieInfoViewModelTests.swift in Sources */ = {isa = PBXBuildFile; fileRef = 939272F62ADEC3EC00AFE7BC /* MovieInfoViewModelTests.swift */; };
/* End PBXBuildFile section */

/* Begin PBXContainerItemProxy section */
		3888233828F42C54005C7B25 /* PBXContainerItemProxy */ = {
			isa = PBXContainerItemProxy;
			containerPortal = 3888231F28F42C4B005C7B25 /* Project object */;
			proxyType = 1;
			remoteGlobalIDString = 3888232628F42C4B005C7B25;
			remoteInfo = FilmCatalogue;
		};
/* End PBXContainerItemProxy section */

/* Begin PBXFileReference section */
		3888232728F42C4B005C7B25 /* FilmCatalogue.app */ = {isa = PBXFileReference; explicitFileType = wrapper.application; includeInIndex = 0; path = FilmCatalogue.app; sourceTree = BUILT_PRODUCTS_DIR; };
		3888232A28F42C4B005C7B25 /* FilmCatalogueApp.swift */ = {isa = PBXFileReference; lastKnownFileType = sourcecode.swift; path = FilmCatalogueApp.swift; sourceTree = "<group>"; };
		3888232E28F42C53005C7B25 /* Assets.xcassets */ = {isa = PBXFileReference; lastKnownFileType = folder.assetcatalog; path = Assets.xcassets; sourceTree = "<group>"; };
		3888233128F42C53005C7B25 /* Preview Assets.xcassets */ = {isa = PBXFileReference; lastKnownFileType = folder.assetcatalog; path = "Preview Assets.xcassets"; sourceTree = "<group>"; };
		3888233728F42C54005C7B25 /* FilmCatalogueTests.xctest */ = {isa = PBXFileReference; explicitFileType = wrapper.cfbundle; includeInIndex = 0; path = FilmCatalogueTests.xctest; sourceTree = BUILT_PRODUCTS_DIR; };
		3888233B28F42C54005C7B25 /* FilmCatalogueTests.swift */ = {isa = PBXFileReference; lastKnownFileType = sourcecode.swift; path = FilmCatalogueTests.swift; sourceTree = "<group>"; };
		3888236828F42E06005C7B25 /* MovieService.swift */ = {isa = PBXFileReference; lastKnownFileType = sourcecode.swift; path = MovieService.swift; sourceTree = "<group>"; };
		3888236A28F42E50005C7B25 /* Date+Extension.swift */ = {isa = PBXFileReference; lastKnownFileType = sourcecode.swift; path = "Date+Extension.swift"; sourceTree = "<group>"; };
		3888236C28F42E65005C7B25 /* String+Extension.swift */ = {isa = PBXFileReference; lastKnownFileType = sourcecode.swift; path = "String+Extension.swift"; sourceTree = "<group>"; };
		3888236E28F42E79005C7B25 /* Color+Extension.swift */ = {isa = PBXFileReference; lastKnownFileType = sourcecode.swift; path = "Color+Extension.swift"; sourceTree = "<group>"; };
		3888237028F42E9E005C7B25 /* Double+Extension.swift */ = {isa = PBXFileReference; lastKnownFileType = sourcecode.swift; path = "Double+Extension.swift"; sourceTree = "<group>"; };
		3888237628F42F46005C7B25 /* ReviewList.swift */ = {isa = PBXFileReference; lastKnownFileType = sourcecode.swift; path = ReviewList.swift; sourceTree = "<group>"; };
		3888237828F42F56005C7B25 /* StaticAppHeader.swift */ = {isa = PBXFileReference; lastKnownFileType = sourcecode.swift; path = StaticAppHeader.swift; sourceTree = "<group>"; };
		3888237C28F4305A005C7B25 /* Movies.swift */ = {isa = PBXFileReference; lastKnownFileType = sourcecode.swift; path = Movies.swift; sourceTree = "<group>"; };
		3888237E28F43067005C7B25 /* Genres.swift */ = {isa = PBXFileReference; lastKnownFileType = sourcecode.swift; path = Genres.swift; sourceTree = "<group>"; };
		3888238028F43072005C7B25 /* Trailers.swift */ = {isa = PBXFileReference; lastKnownFileType = sourcecode.swift; path = Trailers.swift; sourceTree = "<group>"; };
		3888238228F4307B005C7B25 /* Reviews.swift */ = {isa = PBXFileReference; lastKnownFileType = sourcecode.swift; path = Reviews.swift; sourceTree = "<group>"; };
		3888238628F43116005C7B25 /* MovieInfoViewModel.swift */ = {isa = PBXFileReference; lastKnownFileType = sourcecode.swift; path = MovieInfoViewModel.swift; sourceTree = "<group>"; };
		3888238828F43154005C7B25 /* MainScreen.swift */ = {isa = PBXFileReference; lastKnownFileType = sourcecode.swift; path = MainScreen.swift; sourceTree = "<group>"; };
		3888238A28F43161005C7B25 /* MovieInfoScreen.swift */ = {isa = PBXFileReference; lastKnownFileType = sourcecode.swift; path = MovieInfoScreen.swift; sourceTree = "<group>"; };
		389FDF7C28F4616300BA0AFB /* CustomTabBar.swift */ = {isa = PBXFileReference; lastKnownFileType = sourcecode.swift; path = CustomTabBar.swift; sourceTree = "<group>"; };
		38ADC45528F50D77001F4F71 /* DiscoverScreen.swift */ = {isa = PBXFileReference; lastKnownFileType = sourcecode.swift; path = DiscoverScreen.swift; sourceTree = "<group>"; };
		38ADC45728F50D88001F4F71 /* MovieScreen.swift */ = {isa = PBXFileReference; lastKnownFileType = sourcecode.swift; path = MovieScreen.swift; sourceTree = "<group>"; };
		38ADC45B28F50DC3001F4F71 /* DiscoverViewModel.swift */ = {isa = PBXFileReference; lastKnownFileType = sourcecode.swift; path = DiscoverViewModel.swift; sourceTree = "<group>"; };
		38ADC45D28F50DD9001F4F71 /* MovieViewModel.swift */ = {isa = PBXFileReference; lastKnownFileType = sourcecode.swift; path = MovieViewModel.swift; sourceTree = "<group>"; };
		38ADC46128F51910001F4F71 /* Grid.swift */ = {isa = PBXFileReference; lastKnownFileType = sourcecode.swift; path = Grid.swift; sourceTree = "<group>"; };
		939272F22ADE6F2F00AFE7BC /* ContentLoader.swift */ = {isa = PBXFileReference; lastKnownFileType = sourcecode.swift; path = ContentLoader.swift; sourceTree = "<group>"; };
		939272F62ADEC3EC00AFE7BC /* MovieInfoViewModelTests.swift */ = {isa = PBXFileReference; lastKnownFileType = sourcecode.swift; path = MovieInfoViewModelTests.swift; sourceTree = "<group>"; };
		939272F82ADEC3FE00AFE7BC /* DiscoverViewModelTests.swift */ = {isa = PBXFileReference; lastKnownFileType = sourcecode.swift; path = DiscoverViewModelTests.swift; sourceTree = "<group>"; };
		939272FA2ADEC41900AFE7BC /* MovieViewModelTests.swift */ = {isa = PBXFileReference; lastKnownFileType = sourcecode.swift; path = MovieViewModelTests.swift; sourceTree = "<group>"; };
/* End PBXFileReference section */

/* Begin PBXFrameworksBuildPhase section */
		3888232428F42C4B005C7B25 /* Frameworks */ = {
			isa = PBXFrameworksBuildPhase;
			buildActionMask = 2147483647;
			files = (
				3888235628F42CD9005C7B25 /* SwiftyJSON in Frameworks */,
				3888235928F42D00005C7B25 /* Alamofire in Frameworks */,
				3888235C28F42D19005C7B25 /* YouTubePlayerKit in Frameworks */,
			);
			runOnlyForDeploymentPostprocessing = 0;
		};
		3888233428F42C54005C7B25 /* Frameworks */ = {
			isa = PBXFrameworksBuildPhase;
			buildActionMask = 2147483647;
			files = (
			);
			runOnlyForDeploymentPostprocessing = 0;
		};
/* End PBXFrameworksBuildPhase section */

/* Begin PBXGroup section */
		3888231E28F42C4B005C7B25 = {
			isa = PBXGroup;
			children = (
				3888232928F42C4B005C7B25 /* FilmCatalogue */,
				3888233A28F42C54005C7B25 /* FilmCatalogueTests */,
				3888232828F42C4B005C7B25 /* Products */,
			);
			sourceTree = "<group>";
		};
		3888232828F42C4B005C7B25 /* Products */ = {
			isa = PBXGroup;
			children = (
				3888232728F42C4B005C7B25 /* FilmCatalogue.app */,
				3888233728F42C54005C7B25 /* FilmCatalogueTests.xctest */,
			);
			name = Products;
			sourceTree = "<group>";
		};
		3888232928F42C4B005C7B25 /* FilmCatalogue */ = {
			isa = PBXGroup;
			children = (
				939272E52ADD7A7E00AFE7BC /* Constants */,
				939272E72ADD7AAB00AFE7BC /* Features */,
				3888236328F42D83005C7B25 /* Components */,
				3888236228F42D76005C7B25 /* Utils */,
				3888232E28F42C53005C7B25 /* Assets.xcassets */,
				3888233028F42C53005C7B25 /* Preview Content */,
			);
			path = FilmCatalogue;
			sourceTree = "<group>";
		};
		3888233028F42C53005C7B25 /* Preview Content */ = {
			isa = PBXGroup;
			children = (
				3888233128F42C53005C7B25 /* Preview Assets.xcassets */,
			);
			path = "Preview Content";
			sourceTree = "<group>";
		};
		3888233A28F42C54005C7B25 /* FilmCatalogueTests */ = {
			isa = PBXGroup;
			children = (
				3888233B28F42C54005C7B25 /* FilmCatalogueTests.swift */,
				939272E92ADD7C0400AFE7BC /* Features */,
			);
			path = FilmCatalogueTests;
			sourceTree = "<group>";
		};
		3888236228F42D76005C7B25 /* Utils */ = {
			isa = PBXGroup;
			children = (
				3888236A28F42E50005C7B25 /* Date+Extension.swift */,
				3888236C28F42E65005C7B25 /* String+Extension.swift */,
				3888236E28F42E79005C7B25 /* Color+Extension.swift */,
				3888237028F42E9E005C7B25 /* Double+Extension.swift */,
			);
			path = Utils;
			sourceTree = "<group>";
		};
		3888236328F42D83005C7B25 /* Components */ = {
			isa = PBXGroup;
			children = (
				38ADC46128F51910001F4F71 /* Grid.swift */,
				389FDF7C28F4616300BA0AFB /* CustomTabBar.swift */,
				3888237828F42F56005C7B25 /* StaticAppHeader.swift */,
				939272F22ADE6F2F00AFE7BC /* ContentLoader.swift */,
			);
			path = Components;
			sourceTree = "<group>";
		};
		3888236528F42D93005C7B25 /* MovieInfo */ = {
			isa = PBXGroup;
			children = (
				3888238228F4307B005C7B25 /* Reviews.swift */,
				3888238028F43072005C7B25 /* Trailers.swift */,
				3888238628F43116005C7B25 /* MovieInfoViewModel.swift */,
				3888238A28F43161005C7B25 /* MovieInfoScreen.swift */,
				3888237628F42F46005C7B25 /* ReviewList.swift */,
			);
			path = MovieInfo;
			sourceTree = "<group>";
		};
		939272E52ADD7A7E00AFE7BC /* Constants */ = {
			isa = PBXGroup;
			children = (
				3888236828F42E06005C7B25 /* MovieService.swift */,
			);
			path = Constants;
			sourceTree = "<group>";
		};
		939272E72ADD7AAB00AFE7BC /* Features */ = {
			isa = PBXGroup;
			children = (
				939272ED2ADD7CA100AFE7BC /* Categories */,
				939272E82ADD7B1000AFE7BC /* HomeScreen */,
				93BDC37B29069417008B0050 /* Movie */,
			);
			path = Features;
			sourceTree = "<group>";
		};
		939272E82ADD7B1000AFE7BC /* HomeScreen */ = {
			isa = PBXGroup;
			children = (
				3888232A28F42C4B005C7B25 /* FilmCatalogueApp.swift */,
				3888238828F43154005C7B25 /* MainScreen.swift */,
			);
			path = HomeScreen;
			sourceTree = "<group>";
		};
		939272E92ADD7C0400AFE7BC /* Features */ = {
			isa = PBXGroup;
			children = (
				939272EC2ADD7C5200AFE7BC /* Categories */,
				939272EA2ADD7C1500AFE7BC /* Movie */,
			);
			path = Features;
			sourceTree = "<group>";
		};
		939272EA2ADD7C1500AFE7BC /* Movie */ = {
			isa = PBXGroup;
			children = (
				939272FA2ADEC41900AFE7BC /* MovieViewModelTests.swift */,
				939272EB2ADD7C1B00AFE7BC /* MovieInfo */,
			);
			path = Movie;
			sourceTree = "<group>";
		};
		939272EB2ADD7C1B00AFE7BC /* MovieInfo */ = {
			isa = PBXGroup;
			children = (
				939272F62ADEC3EC00AFE7BC /* MovieInfoViewModelTests.swift */,
			);
			path = MovieInfo;
			sourceTree = "<group>";
		};
		939272EC2ADD7C5200AFE7BC /* Categories */ = {
			isa = PBXGroup;
			children = (
				939272F82ADEC3FE00AFE7BC /* DiscoverViewModelTests.swift */,
			);
			path = Categories;
			sourceTree = "<group>";
		};
		939272ED2ADD7CA100AFE7BC /* Categories */ = {
			isa = PBXGroup;
			children = (
				3888237E28F43067005C7B25 /* Genres.swift */,
				38ADC45B28F50DC3001F4F71 /* DiscoverViewModel.swift */,
				38ADC45528F50D77001F4F71 /* DiscoverScreen.swift */,
			);
			path = Categories;
			sourceTree = "<group>";
		};
		93BDC37B29069417008B0050 /* Movie */ = {
			isa = PBXGroup;
			children = (
				3888237C28F4305A005C7B25 /* Movies.swift */,
				38ADC45D28F50DD9001F4F71 /* MovieViewModel.swift */,
				38ADC45728F50D88001F4F71 /* MovieScreen.swift */,
				3888236528F42D93005C7B25 /* MovieInfo */,
			);
			path = Movie;
			sourceTree = "<group>";
		};
/* End PBXGroup section */

/* Begin PBXNativeTarget section */
		3888232628F42C4B005C7B25 /* FilmCatalogue */ = {
			isa = PBXNativeTarget;
			buildConfigurationList = 3888234B28F42C54005C7B25 /* Build configuration list for PBXNativeTarget "FilmCatalogue" */;
			buildPhases = (
				3888232328F42C4B005C7B25 /* Sources */,
				3888232428F42C4B005C7B25 /* Frameworks */,
				3888232528F42C4B005C7B25 /* Resources */,
			);
			buildRules = (
			);
			dependencies = (
			);
			name = FilmCatalogue;
			packageProductDependencies = (
				3888235528F42CD9005C7B25 /* SwiftyJSON */,
				3888235828F42D00005C7B25 /* Alamofire */,
				3888235B28F42D19005C7B25 /* YouTubePlayerKit */,
			);
			productName = FilmCatalogue;
			productReference = 3888232728F42C4B005C7B25 /* FilmCatalogue.app */;
			productType = "com.apple.product-type.application";
		};
		3888233628F42C54005C7B25 /* FilmCatalogueTests */ = {
			isa = PBXNativeTarget;
			buildConfigurationList = 3888234E28F42C54005C7B25 /* Build configuration list for PBXNativeTarget "FilmCatalogueTests" */;
			buildPhases = (
				3888233328F42C54005C7B25 /* Sources */,
				3888233428F42C54005C7B25 /* Frameworks */,
				3888233528F42C54005C7B25 /* Resources */,
			);
			buildRules = (
			);
			dependencies = (
				3888233928F42C54005C7B25 /* PBXTargetDependency */,
			);
			name = FilmCatalogueTests;
			productName = FilmCatalogueTests;
			productReference = 3888233728F42C54005C7B25 /* FilmCatalogueTests.xctest */;
			productType = "com.apple.product-type.bundle.unit-test";
		};
/* End PBXNativeTarget section */

/* Begin PBXProject section */
		3888231F28F42C4B005C7B25 /* Project object */ = {
			isa = PBXProject;
			attributes = {
				BuildIndependentTargetsInParallel = 1;
				LastSwiftUpdateCheck = 1400;
				LastUpgradeCheck = 1500;
				TargetAttributes = {
					3888232628F42C4B005C7B25 = {
						CreatedOnToolsVersion = 14.0.1;
					};
					3888233628F42C54005C7B25 = {
						CreatedOnToolsVersion = 14.0.1;
						TestTargetID = 3888232628F42C4B005C7B25;
					};
				};
			};
			buildConfigurationList = 3888232228F42C4B005C7B25 /* Build configuration list for PBXProject "FilmCatalogue" */;
			compatibilityVersion = "Xcode 14.0";
			developmentRegion = en;
			hasScannedForEncodings = 0;
			knownRegions = (
				en,
				Base,
			);
			mainGroup = 3888231E28F42C4B005C7B25;
			packageReferences = (
				3888235428F42CD9005C7B25 /* XCRemoteSwiftPackageReference "SwiftyJSON" */,
				3888235728F42D00005C7B25 /* XCRemoteSwiftPackageReference "Alamofire" */,
				3888235A28F42D19005C7B25 /* XCRemoteSwiftPackageReference "YouTubePlayerKit" */,
			);
			productRefGroup = 3888232828F42C4B005C7B25 /* Products */;
			projectDirPath = "";
			projectRoot = "";
			targets = (
				3888232628F42C4B005C7B25 /* FilmCatalogue */,
				3888233628F42C54005C7B25 /* FilmCatalogueTests */,
			);
		};
/* End PBXProject section */

/* Begin PBXResourcesBuildPhase section */
		3888232528F42C4B005C7B25 /* Resources */ = {
			isa = PBXResourcesBuildPhase;
			buildActionMask = 2147483647;
			files = (
				3888233228F42C53005C7B25 /* Preview Assets.xcassets in Resources */,
				3888232F28F42C53005C7B25 /* Assets.xcassets in Resources */,
			);
			runOnlyForDeploymentPostprocessing = 0;
		};
		3888233528F42C54005C7B25 /* Resources */ = {
			isa = PBXResourcesBuildPhase;
			buildActionMask = 2147483647;
			files = (
			);
			runOnlyForDeploymentPostprocessing = 0;
		};
/* End PBXResourcesBuildPhase section */

/* Begin PBXSourcesBuildPhase section */
		3888232328F42C4B005C7B25 /* Sources */ = {
			isa = PBXSourcesBuildPhase;
			buildActionMask = 2147483647;
			files = (
				3888236928F42E06005C7B25 /* MovieService.swift in Sources */,
				3888236F28F42E79005C7B25 /* Color+Extension.swift in Sources */,
				3888237128F42E9E005C7B25 /* Double+Extension.swift in Sources */,
				3888237728F42F46005C7B25 /* ReviewList.swift in Sources */,
				38ADC45828F50D88001F4F71 /* MovieScreen.swift in Sources */,
				3888238B28F43161005C7B25 /* MovieInfoScreen.swift in Sources */,
				3888238928F43154005C7B25 /* MainScreen.swift in Sources */,
				38ADC46228F51910001F4F71 /* Grid.swift in Sources */,
				3888236B28F42E50005C7B25 /* Date+Extension.swift in Sources */,
				38ADC45E28F50DD9001F4F71 /* MovieViewModel.swift in Sources */,
				3888237F28F43067005C7B25 /* Genres.swift in Sources */,
				3888236D28F42E65005C7B25 /* String+Extension.swift in Sources */,
				3888238128F43072005C7B25 /* Trailers.swift in Sources */,
				3888237D28F4305A005C7B25 /* Movies.swift in Sources */,
				3888238328F4307B005C7B25 /* Reviews.swift in Sources */,
				38ADC45628F50D77001F4F71 /* DiscoverScreen.swift in Sources */,
				389FDF7D28F4616300BA0AFB /* CustomTabBar.swift in Sources */,
				3888238728F43116005C7B25 /* MovieInfoViewModel.swift in Sources */,
				38ADC45C28F50DC3001F4F71 /* DiscoverViewModel.swift in Sources */,
				939272F32ADE6F2F00AFE7BC /* ContentLoader.swift in Sources */,
				3888232B28F42C4B005C7B25 /* FilmCatalogueApp.swift in Sources */,
				3888237928F42F56005C7B25 /* StaticAppHeader.swift in Sources */,
			);
			runOnlyForDeploymentPostprocessing = 0;
		};
		3888233328F42C54005C7B25 /* Sources */ = {
			isa = PBXSourcesBuildPhase;
			buildActionMask = 2147483647;
			files = (
				3888233C28F42C54005C7B25 /* FilmCatalogueTests.swift in Sources */,
				939272F92ADEC3FE00AFE7BC /* DiscoverViewModelTests.swift in Sources */,
				939272FB2ADEC41900AFE7BC /* MovieViewModelTests.swift in Sources */,
				93FB2CEC2AE0233E007D472A /* MovieInfoViewModelTests.swift in Sources */,
			);
			runOnlyForDeploymentPostprocessing = 0;
		};
/* End PBXSourcesBuildPhase section */

/* Begin PBXTargetDependency section */
		3888233928F42C54005C7B25 /* PBXTargetDependency */ = {
			isa = PBXTargetDependency;
			target = 3888232628F42C4B005C7B25 /* FilmCatalogue */;
			targetProxy = 3888233828F42C54005C7B25 /* PBXContainerItemProxy */;
		};
/* End PBXTargetDependency section */

/* Begin XCBuildConfiguration section */
		3888234928F42C54005C7B25 /* Debug */ = {
			isa = XCBuildConfiguration;
			buildSettings = {
				ALWAYS_SEARCH_USER_PATHS = NO;
				CLANG_ANALYZER_NONNULL = YES;
				CLANG_ANALYZER_NUMBER_OBJECT_CONVERSION = YES_AGGRESSIVE;
				CLANG_CXX_LANGUAGE_STANDARD = "gnu++20";
				CLANG_ENABLE_MODULES = YES;
				CLANG_ENABLE_OBJC_ARC = YES;
				CLANG_ENABLE_OBJC_WEAK = YES;
				CLANG_WARN_BLOCK_CAPTURE_AUTORELEASING = YES;
				CLANG_WARN_BOOL_CONVERSION = YES;
				CLANG_WARN_COMMA = YES;
				CLANG_WARN_CONSTANT_CONVERSION = YES;
				CLANG_WARN_DEPRECATED_OBJC_IMPLEMENTATIONS = YES;
				CLANG_WARN_DIRECT_OBJC_ISA_USAGE = YES_ERROR;
				CLANG_WARN_DOCUMENTATION_COMMENTS = YES;
				CLANG_WARN_EMPTY_BODY = YES;
				CLANG_WARN_ENUM_CONVERSION = YES;
				CLANG_WARN_INFINITE_RECURSION = YES;
				CLANG_WARN_INT_CONVERSION = YES;
				CLANG_WARN_NON_LITERAL_NULL_CONVERSION = YES;
				CLANG_WARN_OBJC_IMPLICIT_RETAIN_SELF = YES;
				CLANG_WARN_OBJC_LITERAL_CONVERSION = YES;
				CLANG_WARN_OBJC_ROOT_CLASS = YES_ERROR;
				CLANG_WARN_QUOTED_INCLUDE_IN_FRAMEWORK_HEADER = YES;
				CLANG_WARN_RANGE_LOOP_ANALYSIS = YES;
				CLANG_WARN_STRICT_PROTOTYPES = YES;
				CLANG_WARN_SUSPICIOUS_MOVE = YES;
				CLANG_WARN_UNGUARDED_AVAILABILITY = YES_AGGRESSIVE;
				CLANG_WARN_UNREACHABLE_CODE = YES;
				CLANG_WARN__DUPLICATE_METHOD_MATCH = YES;
				COPY_PHASE_STRIP = NO;
				DEBUG_INFORMATION_FORMAT = dwarf;
				ENABLE_STRICT_OBJC_MSGSEND = YES;
				ENABLE_TESTABILITY = YES;
				ENABLE_USER_SCRIPT_SANDBOXING = YES;
				GCC_C_LANGUAGE_STANDARD = gnu11;
				GCC_DYNAMIC_NO_PIC = NO;
				GCC_NO_COMMON_BLOCKS = YES;
				GCC_OPTIMIZATION_LEVEL = 0;
				GCC_PREPROCESSOR_DEFINITIONS = (
					"DEBUG=1",
					"$(inherited)",
				);
				GCC_WARN_64_TO_32_BIT_CONVERSION = YES;
				GCC_WARN_ABOUT_RETURN_TYPE = YES_ERROR;
				GCC_WARN_UNDECLARED_SELECTOR = YES;
				GCC_WARN_UNINITIALIZED_AUTOS = YES_AGGRESSIVE;
				GCC_WARN_UNUSED_FUNCTION = YES;
				GCC_WARN_UNUSED_VARIABLE = YES;
				IPHONEOS_DEPLOYMENT_TARGET = 16.0;
				MTL_ENABLE_DEBUG_INFO = INCLUDE_SOURCE;
				MTL_FAST_MATH = YES;
				ONLY_ACTIVE_ARCH = YES;
				SDKROOT = iphoneos;
				SWIFT_ACTIVE_COMPILATION_CONDITIONS = DEBUG;
				SWIFT_OPTIMIZATION_LEVEL = "-Onone";
			};
			name = Debug;
		};
		3888234A28F42C54005C7B25 /* Release */ = {
			isa = XCBuildConfiguration;
			buildSettings = {
				ALWAYS_SEARCH_USER_PATHS = NO;
				CLANG_ANALYZER_NONNULL = YES;
				CLANG_ANALYZER_NUMBER_OBJECT_CONVERSION = YES_AGGRESSIVE;
				CLANG_CXX_LANGUAGE_STANDARD = "gnu++20";
				CLANG_ENABLE_MODULES = YES;
				CLANG_ENABLE_OBJC_ARC = YES;
				CLANG_ENABLE_OBJC_WEAK = YES;
				CLANG_WARN_BLOCK_CAPTURE_AUTORELEASING = YES;
				CLANG_WARN_BOOL_CONVERSION = YES;
				CLANG_WARN_COMMA = YES;
				CLANG_WARN_CONSTANT_CONVERSION = YES;
				CLANG_WARN_DEPRECATED_OBJC_IMPLEMENTATIONS = YES;
				CLANG_WARN_DIRECT_OBJC_ISA_USAGE = YES_ERROR;
				CLANG_WARN_DOCUMENTATION_COMMENTS = YES;
				CLANG_WARN_EMPTY_BODY = YES;
				CLANG_WARN_ENUM_CONVERSION = YES;
				CLANG_WARN_INFINITE_RECURSION = YES;
				CLANG_WARN_INT_CONVERSION = YES;
				CLANG_WARN_NON_LITERAL_NULL_CONVERSION = YES;
				CLANG_WARN_OBJC_IMPLICIT_RETAIN_SELF = YES;
				CLANG_WARN_OBJC_LITERAL_CONVERSION = YES;
				CLANG_WARN_OBJC_ROOT_CLASS = YES_ERROR;
				CLANG_WARN_QUOTED_INCLUDE_IN_FRAMEWORK_HEADER = YES;
				CLANG_WARN_RANGE_LOOP_ANALYSIS = YES;
				CLANG_WARN_STRICT_PROTOTYPES = YES;
				CLANG_WARN_SUSPICIOUS_MOVE = YES;
				CLANG_WARN_UNGUARDED_AVAILABILITY = YES_AGGRESSIVE;
				CLANG_WARN_UNREACHABLE_CODE = YES;
				CLANG_WARN__DUPLICATE_METHOD_MATCH = YES;
				COPY_PHASE_STRIP = NO;
				DEBUG_INFORMATION_FORMAT = "dwarf-with-dsym";
				ENABLE_NS_ASSERTIONS = NO;
				ENABLE_STRICT_OBJC_MSGSEND = YES;
				ENABLE_USER_SCRIPT_SANDBOXING = YES;
				GCC_C_LANGUAGE_STANDARD = gnu11;
				GCC_NO_COMMON_BLOCKS = YES;
				GCC_WARN_64_TO_32_BIT_CONVERSION = YES;
				GCC_WARN_ABOUT_RETURN_TYPE = YES_ERROR;
				GCC_WARN_UNDECLARED_SELECTOR = YES;
				GCC_WARN_UNINITIALIZED_AUTOS = YES_AGGRESSIVE;
				GCC_WARN_UNUSED_FUNCTION = YES;
				GCC_WARN_UNUSED_VARIABLE = YES;
				IPHONEOS_DEPLOYMENT_TARGET = 16.0;
				MTL_ENABLE_DEBUG_INFO = NO;
				MTL_FAST_MATH = YES;
				SDKROOT = iphoneos;
				SWIFT_COMPILATION_MODE = wholemodule;
				SWIFT_OPTIMIZATION_LEVEL = "-O";
				VALIDATE_PRODUCT = YES;
			};
			name = Release;
		};
		3888234C28F42C54005C7B25 /* Debug */ = {
			isa = XCBuildConfiguration;
			buildSettings = {
				ASSETCATALOG_COMPILER_APPICON_NAME = AppIcon;
				ASSETCATALOG_COMPILER_GLOBAL_ACCENT_COLOR_NAME = AccentColor;
				CODE_SIGN_STYLE = Automatic;
				CURRENT_PROJECT_VERSION = 1.1.5;
				DEVELOPMENT_ASSET_PATHS = "\"FilmCatalogue/Preview Content\"";
				DEVELOPMENT_TEAM = D5CDVN7549;
				ENABLE_PREVIEWS = YES;
				GENERATE_INFOPLIST_FILE = YES;
				INFOPLIST_KEY_CFBundleDisplayName = "Film Catalogue";
				INFOPLIST_KEY_LSApplicationCategoryType = "public.app-category.entertainment";
				INFOPLIST_KEY_UIApplicationSceneManifest_Generation = YES;
				INFOPLIST_KEY_UIApplicationSupportsIndirectInputEvents = YES;
				INFOPLIST_KEY_UILaunchScreen_Generation = YES;
				INFOPLIST_KEY_UISupportedInterfaceOrientations = UIInterfaceOrientationPortrait;
				INFOPLIST_KEY_UISupportedInterfaceOrientations_iPad = "UIInterfaceOrientationPortrait UIInterfaceOrientationPortraitUpsideDown";
				LD_RUNPATH_SEARCH_PATHS = (
					"$(inherited)",
					"@executable_path/Frameworks",
				);
				MARKETING_VERSION = 1.1.5;
				PRODUCT_BUNDLE_IDENTIFIER = phase.FilmCatalogue;
				PRODUCT_NAME = "$(TARGET_NAME)";
				SWIFT_EMIT_LOC_STRINGS = YES;
				SWIFT_VERSION = 5.0;
				TARGETED_DEVICE_FAMILY = "1,2";
			};
			name = Debug;
		};
		3888234D28F42C54005C7B25 /* Release */ = {
			isa = XCBuildConfiguration;
			buildSettings = {
				ASSETCATALOG_COMPILER_APPICON_NAME = AppIcon;
				ASSETCATALOG_COMPILER_GLOBAL_ACCENT_COLOR_NAME = AccentColor;
				CODE_SIGN_STYLE = Automatic;
				CURRENT_PROJECT_VERSION = 1.1.5;
				DEVELOPMENT_ASSET_PATHS = "\"FilmCatalogue/Preview Content\"";
				DEVELOPMENT_TEAM = D5CDVN7549;
				ENABLE_PREVIEWS = YES;
				GENERATE_INFOPLIST_FILE = YES;
				INFOPLIST_KEY_CFBundleDisplayName = "Film Catalogue";
				INFOPLIST_KEY_LSApplicationCategoryType = "public.app-category.entertainment";
				INFOPLIST_KEY_UIApplicationSceneManifest_Generation = YES;
				INFOPLIST_KEY_UIApplicationSupportsIndirectInputEvents = YES;
				INFOPLIST_KEY_UILaunchScreen_Generation = YES;
				INFOPLIST_KEY_UISupportedInterfaceOrientations = UIInterfaceOrientationPortrait;
				INFOPLIST_KEY_UISupportedInterfaceOrientations_iPad = "UIInterfaceOrientationPortrait UIInterfaceOrientationPortraitUpsideDown";
				LD_RUNPATH_SEARCH_PATHS = (
					"$(inherited)",
					"@executable_path/Frameworks",
				);
				MARKETING_VERSION = 1.1.5;
				PRODUCT_BUNDLE_IDENTIFIER = phase.FilmCatalogue;
				PRODUCT_NAME = "$(TARGET_NAME)";
				SWIFT_EMIT_LOC_STRINGS = YES;
				SWIFT_VERSION = 5.0;
				TARGETED_DEVICE_FAMILY = "1,2";
			};
			name = Release;
		};
		3888234F28F42C54005C7B25 /* Debug */ = {
			isa = XCBuildConfiguration;
			buildSettings = {
				ALWAYS_EMBED_SWIFT_STANDARD_LIBRARIES = YES;
				BUNDLE_LOADER = "$(TEST_HOST)";
				CODE_SIGN_STYLE = Automatic;
				CURRENT_PROJECT_VERSION = 1;
				DEVELOPMENT_TEAM = D5CDVN7549;
				GENERATE_INFOPLIST_FILE = YES;
				IPHONEOS_DEPLOYMENT_TARGET = 16.0;
				MARKETING_VERSION = 1.0;
				PRODUCT_BUNDLE_IDENTIFIER = phase.FilmCatalogueTests;
				PRODUCT_NAME = "$(TARGET_NAME)";
				SWIFT_EMIT_LOC_STRINGS = NO;
				SWIFT_VERSION = 5.0;
				TARGETED_DEVICE_FAMILY = "1,2";
				TEST_HOST = "$(BUILT_PRODUCTS_DIR)/FilmCatalogue.app/$(BUNDLE_EXECUTABLE_FOLDER_PATH)/FilmCatalogue";
			};
			name = Debug;
		};
		3888235028F42C54005C7B25 /* Release */ = {
			isa = XCBuildConfiguration;
			buildSettings = {
				ALWAYS_EMBED_SWIFT_STANDARD_LIBRARIES = YES;
				BUNDLE_LOADER = "$(TEST_HOST)";
				CODE_SIGN_STYLE = Automatic;
				CURRENT_PROJECT_VERSION = 1;
				DEVELOPMENT_TEAM = D5CDVN7549;
				GENERATE_INFOPLIST_FILE = YES;
				IPHONEOS_DEPLOYMENT_TARGET = 16.0;
				MARKETING_VERSION = 1.0;
				PRODUCT_BUNDLE_IDENTIFIER = phase.FilmCatalogueTests;
				PRODUCT_NAME = "$(TARGET_NAME)";
				SWIFT_EMIT_LOC_STRINGS = NO;
				SWIFT_VERSION = 5.0;
				TARGETED_DEVICE_FAMILY = "1,2";
				TEST_HOST = "$(BUILT_PRODUCTS_DIR)/FilmCatalogue.app/$(BUNDLE_EXECUTABLE_FOLDER_PATH)/FilmCatalogue";
			};
			name = Release;
		};
/* End XCBuildConfiguration section */

/* Begin XCConfigurationList section */
		3888232228F42C4B005C7B25 /* Build configuration list for PBXProject "FilmCatalogue" */ = {
			isa = XCConfigurationList;
			buildConfigurations = (
				3888234928F42C54005C7B25 /* Debug */,
				3888234A28F42C54005C7B25 /* Release */,
			);
			defaultConfigurationIsVisible = 0;
			defaultConfigurationName = Release;
		};
		3888234B28F42C54005C7B25 /* Build configuration list for PBXNativeTarget "FilmCatalogue" */ = {
			isa = XCConfigurationList;
			buildConfigurations = (
				3888234C28F42C54005C7B25 /* Debug */,
				3888234D28F42C54005C7B25 /* Release */,
			);
			defaultConfigurationIsVisible = 0;
			defaultConfigurationName = Release;
		};
		3888234E28F42C54005C7B25 /* Build configuration list for PBXNativeTarget "FilmCatalogueTests" */ = {
			isa = XCConfigurationList;
			buildConfigurations = (
				3888234F28F42C54005C7B25 /* Debug */,
				3888235028F42C54005C7B25 /* Release */,
			);
			defaultConfigurationIsVisible = 0;
			defaultConfigurationName = Release;
		};
/* End XCConfigurationList section */

/* Begin XCRemoteSwiftPackageReference section */
		3888235428F42CD9005C7B25 /* XCRemoteSwiftPackageReference "SwiftyJSON" */ = {
			isa = XCRemoteSwiftPackageReference;
			repositoryURL = "https://github.com/SwiftyJSON/SwiftyJSON";
			requirement = {
				kind = upToNextMajorVersion;
				minimumVersion = 5.0.0;
			};
		};
		3888235728F42D00005C7B25 /* XCRemoteSwiftPackageReference "Alamofire" */ = {
			isa = XCRemoteSwiftPackageReference;
			repositoryURL = "https://github.com/Alamofire/Alamofire";
			requirement = {
				kind = upToNextMajorVersion;
				minimumVersion = 5.0.0;
			};
		};
		3888235A28F42D19005C7B25 /* XCRemoteSwiftPackageReference "YouTubePlayerKit" */ = {
			isa = XCRemoteSwiftPackageReference;
			repositoryURL = "https://github.com/SvenTiigi/YouTubePlayerKit";
			requirement = {
				kind = upToNextMajorVersion;
				minimumVersion = 1.0.0;
			};
		};
/* End XCRemoteSwiftPackageReference section */

/* Begin XCSwiftPackageProductDependency section */
		3888235528F42CD9005C7B25 /* SwiftyJSON */ = {
			isa = XCSwiftPackageProductDependency;
			package = 3888235428F42CD9005C7B25 /* XCRemoteSwiftPackageReference "SwiftyJSON" */;
			productName = SwiftyJSON;
		};
		3888235828F42D00005C7B25 /* Alamofire */ = {
			isa = XCSwiftPackageProductDependency;
			package = 3888235728F42D00005C7B25 /* XCRemoteSwiftPackageReference "Alamofire" */;
			productName = Alamofire;
		};
		3888235B28F42D19005C7B25 /* YouTubePlayerKit */ = {
			isa = XCSwiftPackageProductDependency;
			package = 3888235A28F42D19005C7B25 /* XCRemoteSwiftPackageReference "YouTubePlayerKit" */;
			productName = YouTubePlayerKit;
		};
/* End XCSwiftPackageProductDependency section */
	};
	rootObject = 3888231F28F42C4B005C7B25 /* Project object */;
}
